// !$*UTF8*$!
{
	archiveVersion = 1;
	classes = {
	};
	objectVersion = 50;
	objects = {

/* Begin PBXBuildFile section */
		016F3B1B26F51C5A0047BFA9 /* AppDelegate.swift in Sources */ = {isa = PBXBuildFile; fileRef = 016F3B1A26F51C5A0047BFA9 /* AppDelegate.swift */; };
		016F3B1D26F51C5A0047BFA9 /* SceneDelegate.swift in Sources */ = {isa = PBXBuildFile; fileRef = 016F3B1C26F51C5A0047BFA9 /* SceneDelegate.swift */; };
		016F3B1F26F51C5A0047BFA9 /* ViewController.swift in Sources */ = {isa = PBXBuildFile; fileRef = 016F3B1E26F51C5A0047BFA9 /* ViewController.swift */; };
		016F3B2426F51C5C0047BFA9 /* Assets.xcassets in Resources */ = {isa = PBXBuildFile; fileRef = 016F3B2326F51C5C0047BFA9 /* Assets.xcassets */; };
		016F3B2726F51C5C0047BFA9 /* LaunchScreen.storyboard in Resources */ = {isa = PBXBuildFile; fileRef = 016F3B2526F51C5C0047BFA9 /* LaunchScreen.storyboard */; };
		016F3B3226F51C5C0047BFA9 /* Lab2Tests.swift in Sources */ = {isa = PBXBuildFile; fileRef = 016F3B3126F51C5C0047BFA9 /* Lab2Tests.swift */; };
		016F3B3D26F51C5C0047BFA9 /* Lab2UITests.swift in Sources */ = {isa = PBXBuildFile; fileRef = 016F3B3C26F51C5C0047BFA9 /* Lab2UITests.swift */; };
/* End PBXBuildFile section */

/* Begin PBXContainerItemProxy section */
		016F3B2E26F51C5C0047BFA9 /* PBXContainerItemProxy */ = {
			isa = PBXContainerItemProxy;
			containerPortal = 016F3B0F26F51C5A0047BFA9 /* Project object */;
			proxyType = 1;
			remoteGlobalIDString = 016F3B1626F51C5A0047BFA9;
			remoteInfo = Lab2;
		};
		016F3B3926F51C5C0047BFA9 /* PBXContainerItemProxy */ = {
			isa = PBXContainerItemProxy;
			containerPortal = 016F3B0F26F51C5A0047BFA9 /* Project object */;
			proxyType = 1;
			remoteGlobalIDString = 016F3B1626F51C5A0047BFA9;
			remoteInfo = Lab2;
		};
/* End PBXContainerItemProxy section */

/* Begin PBXFileReference section */
		016F3B1726F51C5A0047BFA9 /* Lab2.app */ = {isa = PBXFileReference; explicitFileType = wrapper.application; includeInIndex = 0; path = Lab2.app; sourceTree = BUILT_PRODUCTS_DIR; };
		016F3B1A26F51C5A0047BFA9 /* AppDelegate.swift */ = {isa = PBXFileReference; lastKnownFileType = sourcecode.swift; path = AppDelegate.swift; sourceTree = "<group>"; };
		016F3B1C26F51C5A0047BFA9 /* SceneDelegate.swift */ = {isa = PBXFileReference; lastKnownFileType = sourcecode.swift; path = SceneDelegate.swift; sourceTree = "<group>"; };
		016F3B1E26F51C5A0047BFA9 /* ViewController.swift */ = {isa = PBXFileReference; lastKnownFileType = sourcecode.swift; path = ViewController.swift; sourceTree = "<group>"; };
		016F3B2326F51C5C0047BFA9 /* Assets.xcassets */ = {isa = PBXFileReference; lastKnownFileType = folder.assetcatalog; path = Assets.xcassets; sourceTree = "<group>"; };
		016F3B2626F51C5C0047BFA9 /* Base */ = {isa = PBXFileReference; lastKnownFileType = file.storyboard; name = Base; path = Base.lproj/LaunchScreen.storyboard; sourceTree = "<group>"; };
		016F3B2826F51C5C0047BFA9 /* Info.plist */ = {isa = PBXFileReference; lastKnownFileType = text.plist.xml; path = Info.plist; sourceTree = "<group>"; };
		016F3B2D26F51C5C0047BFA9 /* Lab2Tests.xctest */ = {isa = PBXFileReference; explicitFileType = wrapper.cfbundle; includeInIndex = 0; path = Lab2Tests.xctest; sourceTree = BUILT_PRODUCTS_DIR; };
		016F3B3126F51C5C0047BFA9 /* Lab2Tests.swift */ = {isa = PBXFileReference; lastKnownFileType = sourcecode.swift; path = Lab2Tests.swift; sourceTree = "<group>"; };
		016F3B3326F51C5C0047BFA9 /* Info.plist */ = {isa = PBXFileReference; lastKnownFileType = text.plist.xml; path = Info.plist; sourceTree = "<group>"; };
		016F3B3826F51C5C0047BFA9 /* Lab2UITests.xctest */ = {isa = PBXFileReference; explicitFileType = wrapper.cfbundle; includeInIndex = 0; path = Lab2UITests.xctest; sourceTree = BUILT_PRODUCTS_DIR; };
		016F3B3C26F51C5C0047BFA9 /* Lab2UITests.swift */ = {isa = PBXFileReference; lastKnownFileType = sourcecode.swift; path = Lab2UITests.swift; sourceTree = "<group>"; };
		016F3B3E26F51C5C0047BFA9 /* Info.plist */ = {isa = PBXFileReference; lastKnownFileType = text.plist.xml; path = Info.plist; sourceTree = "<group>"; };
/* End PBXFileReference section */

/* Begin PBXFrameworksBuildPhase section */
		016F3B1426F51C5A0047BFA9 /* Frameworks */ = {
			isa = PBXFrameworksBuildPhase;
			buildActionMask = 2147483647;
			files = (
			);
			runOnlyForDeploymentPostprocessing = 0;
		};
		016F3B2A26F51C5C0047BFA9 /* Frameworks */ = {
			isa = PBXFrameworksBuildPhase;
			buildActionMask = 2147483647;
			files = (
			);
			runOnlyForDeploymentPostprocessing = 0;
		};
		016F3B3526F51C5C0047BFA9 /* Frameworks */ = {
			isa = PBXFrameworksBuildPhase;
			buildActionMask = 2147483647;
			files = (
			);
			runOnlyForDeploymentPostprocessing = 0;
		};
/* End PBXFrameworksBuildPhase section */

/* Begin PBXGroup section */
		016F3B0E26F51C5A0047BFA9 = {
			isa = PBXGroup;
			children = (
				016F3B1926F51C5A0047BFA9 /* Lab2 */,
				016F3B3026F51C5C0047BFA9 /* Lab2Tests */,
				016F3B3B26F51C5C0047BFA9 /* Lab2UITests */,
				016F3B1826F51C5A0047BFA9 /* Products */,
			);
			sourceTree = "<group>";
		};
		016F3B1826F51C5A0047BFA9 /* Products */ = {
			isa = PBXGroup;
			children = (
				016F3B1726F51C5A0047BFA9 /* Lab2.app */,
				016F3B2D26F51C5C0047BFA9 /* Lab2Tests.xctest */,
				016F3B3826F51C5C0047BFA9 /* Lab2UITests.xctest */,
			);
			name = Products;
			sourceTree = "<group>";
		};
		016F3B1926F51C5A0047BFA9 /* Lab2 */ = {
			isa = PBXGroup;
			children = (
				016F3B1A26F51C5A0047BFA9 /* AppDelegate.swift */,
				016F3B1C26F51C5A0047BFA9 /* SceneDelegate.swift */,
				016F3B1E26F51C5A0047BFA9 /* ViewController.swift */,
				016F3B2326F51C5C0047BFA9 /* Assets.xcassets */,
				016F3B2526F51C5C0047BFA9 /* LaunchScreen.storyboard */,
				016F3B2826F51C5C0047BFA9 /* Info.plist */,
			);
			path = Lab2;
			sourceTree = "<group>";
		};
		016F3B3026F51C5C0047BFA9 /* Lab2Tests */ = {
			isa = PBXGroup;
			children = (
				016F3B3126F51C5C0047BFA9 /* Lab2Tests.swift */,
				016F3B3326F51C5C0047BFA9 /* Info.plist */,
			);
			path = Lab2Tests;
			sourceTree = "<group>";
		};
		016F3B3B26F51C5C0047BFA9 /* Lab2UITests */ = {
			isa = PBXGroup;
			children = (
				016F3B3C26F51C5C0047BFA9 /* Lab2UITests.swift */,
				016F3B3E26F51C5C0047BFA9 /* Info.plist */,
			);
			path = Lab2UITests;
			sourceTree = "<group>";
		};
/* End PBXGroup section */

/* Begin PBXNativeTarget section */
		016F3B1626F51C5A0047BFA9 /* Lab2 */ = {
			isa = PBXNativeTarget;
			buildConfigurationList = 016F3B4126F51C5C0047BFA9 /* Build configuration list for PBXNativeTarget "Lab2" */;
			buildPhases = (
				016F3B1326F51C5A0047BFA9 /* Sources */,
				016F3B1426F51C5A0047BFA9 /* Frameworks */,
				016F3B1526F51C5A0047BFA9 /* Resources */,
			);
			buildRules = (
			);
			dependencies = (
			);
			name = Lab2;
			productName = Lab2;
			productReference = 016F3B1726F51C5A0047BFA9 /* Lab2.app */;
			productType = "com.apple.product-type.application";
		};
		016F3B2C26F51C5C0047BFA9 /* Lab2Tests */ = {
			isa = PBXNativeTarget;
			buildConfigurationList = 016F3B4426F51C5C0047BFA9 /* Build configuration list for PBXNativeTarget "Lab2Tests" */;
			buildPhases = (
				016F3B2926F51C5C0047BFA9 /* Sources */,
				016F3B2A26F51C5C0047BFA9 /* Frameworks */,
				016F3B2B26F51C5C0047BFA9 /* Resources */,
			);
			buildRules = (
			);
			dependencies = (
				016F3B2F26F51C5C0047BFA9 /* PBXTargetDependency */,
			);
			name = Lab2Tests;
			productName = Lab2Tests;
			productReference = 016F3B2D26F51C5C0047BFA9 /* Lab2Tests.xctest */;
			productType = "com.apple.product-type.bundle.unit-test";
		};
		016F3B3726F51C5C0047BFA9 /* Lab2UITests */ = {
			isa = PBXNativeTarget;
			buildConfigurationList = 016F3B4726F51C5C0047BFA9 /* Build configuration list for PBXNativeTarget "Lab2UITests" */;
			buildPhases = (
				016F3B3426F51C5C0047BFA9 /* Sources */,
				016F3B3526F51C5C0047BFA9 /* Frameworks */,
				016F3B3626F51C5C0047BFA9 /* Resources */,
			);
			buildRules = (
			);
			dependencies = (
				016F3B3A26F51C5C0047BFA9 /* PBXTargetDependency */,
			);
			name = Lab2UITests;
			productName = Lab2UITests;
			productReference = 016F3B3826F51C5C0047BFA9 /* Lab2UITests.xctest */;
			productType = "com.apple.product-type.bundle.ui-testing";
		};
/* End PBXNativeTarget section */

/* Begin PBXProject section */
		016F3B0F26F51C5A0047BFA9 /* Project object */ = {
			isa = PBXProject;
			attributes = {
				LastSwiftUpdateCheck = 1250;
				LastUpgradeCheck = 1250;
				TargetAttributes = {
					016F3B1626F51C5A0047BFA9 = {
						CreatedOnToolsVersion = 12.5.1;
					};
					016F3B2C26F51C5C0047BFA9 = {
						CreatedOnToolsVersion = 12.5.1;
						TestTargetID = 016F3B1626F51C5A0047BFA9;
					};
					016F3B3726F51C5C0047BFA9 = {
						CreatedOnToolsVersion = 12.5.1;
						TestTargetID = 016F3B1626F51C5A0047BFA9;
					};
				};
			};
			buildConfigurationList = 016F3B1226F51C5A0047BFA9 /* Build configuration list for PBXProject "Lab2" */;
			compatibilityVersion = "Xcode 9.3";
			developmentRegion = en;
			hasScannedForEncodings = 0;
			knownRegions = (
				en,
				Base,
			);
			mainGroup = 016F3B0E26F51C5A0047BFA9;
			productRefGroup = 016F3B1826F51C5A0047BFA9 /* Products */;
			projectDirPath = "";
			projectRoot = "";
			targets = (
				016F3B1626F51C5A0047BFA9 /* Lab2 */,
				016F3B2C26F51C5C0047BFA9 /* Lab2Tests */,
				016F3B3726F51C5C0047BFA9 /* Lab2UITests */,
			);
		};
/* End PBXProject section */

/* Begin PBXResourcesBuildPhase section */
		016F3B1526F51C5A0047BFA9 /* Resources */ = {
			isa = PBXResourcesBuildPhase;
			buildActionMask = 2147483647;
			files = (
				016F3B2726F51C5C0047BFA9 /* LaunchScreen.storyboard in Resources */,
				016F3B2426F51C5C0047BFA9 /* Assets.xcassets in Resources */,
			);
			runOnlyForDeploymentPostprocessing = 0;
		};
		016F3B2B26F51C5C0047BFA9 /* Resources */ = {
			isa = PBXResourcesBuildPhase;
			buildActionMask = 2147483647;
			files = (
			);
			runOnlyForDeploymentPostprocessing = 0;
		};
		016F3B3626F51C5C0047BFA9 /* Resources */ = {
			isa = PBXResourcesBuildPhase;
			buildActionMask = 2147483647;
			files = (
			);
			runOnlyForDeploymentPostprocessing = 0;
		};
/* End PBXResourcesBuildPhase section */

/* Begin PBXSourcesBuildPhase section */
		016F3B1326F51C5A0047BFA9 /* Sources */ = {
			isa = PBXSourcesBuildPhase;
			buildActionMask = 2147483647;
			files = (
				016F3B1F26F51C5A0047BFA9 /* ViewController.swift in Sources */,
				016F3B1B26F51C5A0047BFA9 /* AppDelegate.swift in Sources */,
				016F3B1D26F51C5A0047BFA9 /* SceneDelegate.swift in Sources */,
			);
			runOnlyForDeploymentPostprocessing = 0;
		};
		016F3B2926F51C5C0047BFA9 /* Sources */ = {
			isa = PBXSourcesBuildPhase;
			buildActionMask = 2147483647;
			files = (
				016F3B3226F51C5C0047BFA9 /* Lab2Tests.swift in Sources */,
			);
			runOnlyForDeploymentPostprocessing = 0;
		};
		016F3B3426F51C5C0047BFA9 /* Sources */ = {
			isa = PBXSourcesBuildPhase;
			buildActionMask = 2147483647;
			files = (
				016F3B3D26F51C5C0047BFA9 /* Lab2UITests.swift in Sources */,
			);
			runOnlyForDeploymentPostprocessing = 0;
		};
/* End PBXSourcesBuildPhase section */

/* Begin PBXTargetDependency section */
		016F3B2F26F51C5C0047BFA9 /* PBXTargetDependency */ = {
			isa = PBXTargetDependency;
			target = 016F3B1626F51C5A0047BFA9 /* Lab2 */;
			targetProxy = 016F3B2E26F51C5C0047BFA9 /* PBXContainerItemProxy */;
		};
		016F3B3A26F51C5C0047BFA9 /* PBXTargetDependency */ = {
			isa = PBXTargetDependency;
			target = 016F3B1626F51C5A0047BFA9 /* Lab2 */;
			targetProxy = 016F3B3926F51C5C0047BFA9 /* PBXContainerItemProxy */;
		};
/* End PBXTargetDependency section */

/* Begin PBXVariantGroup section */
		016F3B2526F51C5C0047BFA9 /* LaunchScreen.storyboard */ = {
			isa = PBXVariantGroup;
			children = (
				016F3B2626F51C5C0047BFA9 /* Base */,
			);
			name = LaunchScreen.storyboard;
			sourceTree = "<group>";
		};
/* End PBXVariantGroup section */

/* Begin XCBuildConfiguration section */
		016F3B3F26F51C5C0047BFA9 /* Debug */ = {
			isa = XCBuildConfiguration;
			buildSettings = {
				ALWAYS_SEARCH_USER_PATHS = NO;
				CLANG_ANALYZER_NONNULL = YES;
				CLANG_ANALYZER_NUMBER_OBJECT_CONVERSION = YES_AGGRESSIVE;
				CLANG_CXX_LANGUAGE_STANDARD = "gnu++14";
				CLANG_CXX_LIBRARY = "libc++";
				CLANG_ENABLE_MODULES = YES;
				CLANG_ENABLE_OBJC_ARC = YES;
				CLANG_ENABLE_OBJC_WEAK = YES;
				CLANG_WARN_BLOCK_CAPTURE_AUTORELEASING = YES;
				CLANG_WARN_BOOL_CONVERSION = YES;
				CLANG_WARN_COMMA = YES;
				CLANG_WARN_CONSTANT_CONVERSION = YES;
				CLANG_WARN_DEPRECATED_OBJC_IMPLEMENTATIONS = YES;
				CLANG_WARN_DIRECT_OBJC_ISA_USAGE = YES_ERROR;
				CLANG_WARN_DOCUMENTATION_COMMENTS = YES;
				CLANG_WARN_EMPTY_BODY = YES;
				CLANG_WARN_ENUM_CONVERSION = YES;
				CLANG_WARN_INFINITE_RECURSION = YES;
				CLANG_WARN_INT_CONVERSION = YES;
				CLANG_WARN_NON_LITERAL_NULL_CONVERSION = YES;
				CLANG_WARN_OBJC_IMPLICIT_RETAIN_SELF = YES;
				CLANG_WARN_OBJC_LITERAL_CONVERSION = YES;
				CLANG_WARN_OBJC_ROOT_CLASS = YES_ERROR;
				CLANG_WARN_QUOTED_INCLUDE_IN_FRAMEWORK_HEADER = YES;
				CLANG_WARN_RANGE_LOOP_ANALYSIS = YES;
				CLANG_WARN_STRICT_PROTOTYPES = YES;
				CLANG_WARN_SUSPICIOUS_MOVE = YES;
				CLANG_WARN_UNGUARDED_AVAILABILITY = YES_AGGRESSIVE;
				CLANG_WARN_UNREACHABLE_CODE = YES;
				CLANG_WARN__DUPLICATE_METHOD_MATCH = YES;
				COPY_PHASE_STRIP = NO;
				DEBUG_INFORMATION_FORMAT = dwarf;
				ENABLE_STRICT_OBJC_MSGSEND = YES;
				ENABLE_TESTABILITY = YES;
				GCC_C_LANGUAGE_STANDARD = gnu11;
				GCC_DYNAMIC_NO_PIC = NO;
				GCC_NO_COMMON_BLOCKS = YES;
				GCC_OPTIMIZATION_LEVEL = 0;
				GCC_PREPROCESSOR_DEFINITIONS = (
					"DEBUG=1",
					"$(inherited)",
				);
				GCC_WARN_64_TO_32_BIT_CONVERSION = YES;
				GCC_WARN_ABOUT_RETURN_TYPE = YES_ERROR;
				GCC_WARN_UNDECLARED_SELECTOR = YES;
				GCC_WARN_UNINITIALIZED_AUTOS = YES_AGGRESSIVE;
				GCC_WARN_UNUSED_FUNCTION = YES;
				GCC_WARN_UNUSED_VARIABLE = YES;
				IPHONEOS_DEPLOYMENT_TARGET = 13.0;
				MTL_ENABLE_DEBUG_INFO = INCLUDE_SOURCE;
				MTL_FAST_MATH = YES;
				ONLY_ACTIVE_ARCH = YES;
				SDKROOT = iphoneos;
				SWIFT_ACTIVE_COMPILATION_CONDITIONS = DEBUG;
				SWIFT_OPTIMIZATION_LEVEL = "-Onone";
			};
			name = Debug;
		};
		016F3B4026F51C5C0047BFA9 /* Release */ = {
			isa = XCBuildConfiguration;
			buildSettings = {
				ALWAYS_SEARCH_USER_PATHS = NO;
				CLANG_ANALYZER_NONNULL = YES;
				CLANG_ANALYZER_NUMBER_OBJECT_CONVERSION = YES_AGGRESSIVE;
				CLANG_CXX_LANGUAGE_STANDARD = "gnu++14";
				CLANG_CXX_LIBRARY = "libc++";
				CLANG_ENABLE_MODULES = YES;
				CLANG_ENABLE_OBJC_ARC = YES;
				CLANG_ENABLE_OBJC_WEAK = YES;
				CLANG_WARN_BLOCK_CAPTURE_AUTORELEASING = YES;
				CLANG_WARN_BOOL_CONVERSION = YES;
				CLANG_WARN_COMMA = YES;
				CLANG_WARN_CONSTANT_CONVERSION = YES;
				CLANG_WARN_DEPRECATED_OBJC_IMPLEMENTATIONS = YES;
				CLANG_WARN_DIRECT_OBJC_ISA_USAGE = YES_ERROR;
				CLANG_WARN_DOCUMENTATION_COMMENTS = YES;
				CLANG_WARN_EMPTY_BODY = YES;
				CLANG_WARN_ENUM_CONVERSION = YES;
				CLANG_WARN_INFINITE_RECURSION = YES;
				CLANG_WARN_INT_CONVERSION = YES;
				CLANG_WARN_NON_LITERAL_NULL_CONVERSION = YES;
				CLANG_WARN_OBJC_IMPLICIT_RETAIN_SELF = YES;
				CLANG_WARN_OBJC_LITERAL_CONVERSION = YES;
				CLANG_WARN_OBJC_ROOT_CLASS = YES_ERROR;
				CLANG_WARN_QUOTED_INCLUDE_IN_FRAMEWORK_HEADER = YES;
				CLANG_WARN_RANGE_LOOP_ANALYSIS = YES;
				CLANG_WARN_STRICT_PROTOTYPES = YES;
				CLANG_WARN_SUSPICIOUS_MOVE = YES;
				CLANG_WARN_UNGUARDED_AVAILABILITY = YES_AGGRESSIVE;
				CLANG_WARN_UNREACHABLE_CODE = YES;
				CLANG_WARN__DUPLICATE_METHOD_MATCH = YES;
				COPY_PHASE_STRIP = NO;
				DEBUG_INFORMATION_FORMAT = "dwarf-with-dsym";
				ENABLE_NS_ASSERTIONS = NO;
				ENABLE_STRICT_OBJC_MSGSEND = YES;
				GCC_C_LANGUAGE_STANDARD = gnu11;
				GCC_NO_COMMON_BLOCKS = YES;
				GCC_WARN_64_TO_32_BIT_CONVERSION = YES;
				GCC_WARN_ABOUT_RETURN_TYPE = YES_ERROR;
				GCC_WARN_UNDECLARED_SELECTOR = YES;
				GCC_WARN_UNINITIALIZED_AUTOS = YES_AGGRESSIVE;
				GCC_WARN_UNUSED_FUNCTION = YES;
				GCC_WARN_UNUSED_VARIABLE = YES;
				IPHONEOS_DEPLOYMENT_TARGET = 13.0;
				MTL_ENABLE_DEBUG_INFO = NO;
				MTL_FAST_MATH = YES;
				SDKROOT = iphoneos;
				SWIFT_COMPILATION_MODE = wholemodule;
				SWIFT_OPTIMIZATION_LEVEL = "-O";
				VALIDATE_PRODUCT = YES;
			};
			name = Release;
		};
		016F3B4226F51C5C0047BFA9 /* Debug */ = {
			isa = XCBuildConfiguration;
			buildSettings = {
				ASSETCATALOG_COMPILER_APPICON_NAME = AppIcon;
				ASSETCATALOG_COMPILER_GLOBAL_ACCENT_COLOR_NAME = AccentColor;
				CODE_SIGN_STYLE = Automatic;
				INFOPLIST_FILE = Lab2/Info.plist;
				LD_RUNPATH_SEARCH_PATHS = (
					"$(inherited)",
					"@executable_path/Frameworks",
				);
				PRODUCT_BUNDLE_IDENTIFIER = "ios-decal.Lab2";
				PRODUCT_NAME = "$(TARGET_NAME)";
				SWIFT_VERSION = 5.0;
				TARGETED_DEVICE_FAMILY = "1,2";
			};
			name = Debug;
		};
		016F3B4326F51C5C0047BFA9 /* Release */ = {
			isa = XCBuildConfiguration;
			buildSettings = {
				ASSETCATALOG_COMPILER_APPICON_NAME = AppIcon;
				ASSETCATALOG_COMPILER_GLOBAL_ACCENT_COLOR_NAME = AccentColor;
				CODE_SIGN_STYLE = Automatic;
				INFOPLIST_FILE = Lab2/Info.plist;
				LD_RUNPATH_SEARCH_PATHS = (
					"$(inherited)",
					"@executable_path/Frameworks",
				);
				PRODUCT_BUNDLE_IDENTIFIER = "ios-decal.Lab2";
				PRODUCT_NAME = "$(TARGET_NAME)";
				SWIFT_VERSION = 5.0;
				TARGETED_DEVICE_FAMILY = "1,2";
			};
			name = Release;
		};
		016F3B4526F51C5C0047BFA9 /* Debug */ = {
			isa = XCBuildConfiguration;
			buildSettings = {
				ALWAYS_EMBED_SWIFT_STANDARD_LIBRARIES = YES;
				BUNDLE_LOADER = "$(TEST_HOST)";
				CODE_SIGN_STYLE = Automatic;
				INFOPLIST_FILE = Lab2Tests/Info.plist;
				IPHONEOS_DEPLOYMENT_TARGET = 14.5;
				LD_RUNPATH_SEARCH_PATHS = (
					"$(inherited)",
					"@executable_path/Frameworks",
					"@loader_path/Frameworks",
				);
				PRODUCT_BUNDLE_IDENTIFIER = "ios-decal.Lab2Tests";
				PRODUCT_NAME = "$(TARGET_NAME)";
				SWIFT_VERSION = 5.0;
				TARGETED_DEVICE_FAMILY = "1,2";
				TEST_HOST = "$(BUILT_PRODUCTS_DIR)/Lab2.app/Lab2";
			};
			name = Debug;
		};
		016F3B4626F51C5C0047BFA9 /* Release */ = {
			isa = XCBuildConfiguration;
			buildSettings = {
				ALWAYS_EMBED_SWIFT_STANDARD_LIBRARIES = YES;
				BUNDLE_LOADER = "$(TEST_HOST)";
				CODE_SIGN_STYLE = Automatic;
				INFOPLIST_FILE = Lab2Tests/Info.plist;
				IPHONEOS_DEPLOYMENT_TARGET = 14.5;
				LD_RUNPATH_SEARCH_PATHS = (
					"$(inherited)",
					"@executable_path/Frameworks",
					"@loader_path/Frameworks",
				);
				PRODUCT_BUNDLE_IDENTIFIER = "ios-decal.Lab2Tests";
				PRODUCT_NAME = "$(TARGET_NAME)";
				SWIFT_VERSION = 5.0;
				TARGETED_DEVICE_FAMILY = "1,2";
				TEST_HOST = "$(BUILT_PRODUCTS_DIR)/Lab2.app/Lab2";
			};
			name = Release;
		};
		016F3B4826F51C5C0047BFA9 /* Debug */ = {
			isa = XCBuildConfiguration;
			buildSettings = {
				ALWAYS_EMBED_SWIFT_STANDARD_LIBRARIES = YES;
				CODE_SIGN_STYLE = Automatic;
				INFOPLIST_FILE = Lab2UITests/Info.plist;
				LD_RUNPATH_SEARCH_PATHS = (
					"$(inherited)",
					"@executable_path/Frameworks",
					"@loader_path/Frameworks",
				);
				PRODUCT_BUNDLE_IDENTIFIER = "ios-decal.Lab2UITests";
				PRODUCT_NAME = "$(TARGET_NAME)";
				SWIFT_VERSION = 5.0;
				TARGETED_DEVICE_FAMILY = "1,2";
				TEST_TARGET_NAME = Lab2;
			};
			name = Debug;
		};
		016F3B4926F51C5C0047BFA9 /* Release */ = {
			isa = XCBuildConfiguration;
			buildSettings = {
				ALWAYS_EMBED_SWIFT_STANDARD_LIBRARIES = YES;
				CODE_SIGN_STYLE = Automatic;
				INFOPLIST_FILE = Lab2UITests/Info.plist;
				LD_RUNPATH_SEARCH_PATHS = (
					"$(inherited)",
					"@executable_path/Frameworks",
					"@loader_path/Frameworks",
				);
				PRODUCT_BUNDLE_IDENTIFIER = "ios-decal.Lab2UITests";
				PRODUCT_NAME = "$(TARGET_NAME)";
				SWIFT_VERSION = 5.0;
				TARGETED_DEVICE_FAMILY = "1,2";
				TEST_TARGET_NAME = Lab2;
			};
			name = Release;
		};
/* End XCBuildConfiguration section */

/* Begin XCConfigurationList section */
		016F3B1226F51C5A0047BFA9 /* Build configuration list for PBXProject "Lab2" */ = {
			isa = XCConfigurationList;
			buildConfigurations = (
				016F3B3F26F51C5C0047BFA9 /* Debug */,
				016F3B4026F51C5C0047BFA9 /* Release */,
			);
			defaultConfigurationIsVisible = 0;
			defaultConfigurationName = Release;
		};
		016F3B4126F51C5C0047BFA9 /* Build configuration list for PBXNativeTarget "Lab2" */ = {
			isa = XCConfigurationList;
			buildConfigurations = (
				016F3B4226F51C5C0047BFA9 /* Debug */,
				016F3B4326F51C5C0047BFA9 /* Release */,
			);
			defaultConfigurationIsVisible = 0;
			defaultConfigurationName = Release;
		};
		016F3B4426F51C5C0047BFA9 /* Build configuration list for PBXNativeTarget "Lab2Tests" */ = {
			isa = XCConfigurationList;
			buildConfigurations = (
				016F3B4526F51C5C0047BFA9 /* Debug */,
				016F3B4626F51C5C0047BFA9 /* Release */,
			);
			defaultConfigurationIsVisible = 0;
			defaultConfigurationName = Release;
		};
		016F3B4726F51C5C0047BFA9 /* Build configuration list for PBXNativeTarget "Lab2UITests" */ = {
			isa = XCConfigurationList;
			buildConfigurations = (
				016F3B4826F51C5C0047BFA9 /* Debug */,
				016F3B4926F51C5C0047BFA9 /* Release */,
			);
			defaultConfigurationIsVisible = 0;
			defaultConfigurationName = Release;
		};
/* End XCConfigurationList section */
	};
	rootObject = 016F3B0F26F51C5A0047BFA9 /* Project object */;
}
